{
  "requires": true,
  "lockfileVersion": 1,
  "dependencies": {
    "chart.js": {
      "version": "3.9.1",
      "resolved": "https://cdnjs.cloudflare.com/ajax/libs/Chart.js/3.9.1/chart.js",
      "integrity": "sha512-Ro2JbLmvg83gXF5F4sniaQ+lTbSv18E+TIf2cOeiH1Iqd2PGFOtem+DUufMZsCJwFE7ywPOpfXFBwRTGq7dh6w=="
    }
  }
}
